// !$*UTF8*$!
{
	archiveVersion = 1;
	classes = {
	};
	objectVersion = 46;
	objects = {

/* Begin PBXBuildFile section */
		BD5E04291E6959A700EEF1C0 /* main.m in Sources */ = {isa = PBXBuildFile; fileRef = BD5E04281E6959A700EEF1C0 /* main.m */; };
		BD5E042C1E6959A700EEF1C0 /* AppDelegate.m in Sources */ = {isa = PBXBuildFile; fileRef = BD5E042B1E6959A700EEF1C0 /* AppDelegate.m */; };
		BD5E042F1E6959A700EEF1C0 /* ViewController.m in Sources */ = {isa = PBXBuildFile; fileRef = BD5E042E1E6959A700EEF1C0 /* ViewController.m */; };
		BD5E04321E6959A700EEF1C0 /* Main.storyboard in Resources */ = {isa = PBXBuildFile; fileRef = BD5E04301E6959A700EEF1C0 /* Main.storyboard */; };
		BD5E04341E6959A700EEF1C0 /* Assets.xcassets in Resources */ = {isa = PBXBuildFile; fileRef = BD5E04331E6959A700EEF1C0 /* Assets.xcassets */; };
		BD5E04371E6959A700EEF1C0 /* LaunchScreen.storyboard in Resources */ = {isa = PBXBuildFile; fileRef = BD5E04351E6959A700EEF1C0 /* LaunchScreen.storyboard */; };
		BD5E04421E6959A700EEF1C0 /* HTAlertControllerTests.m in Sources */ = {isa = PBXBuildFile; fileRef = BD5E04411E6959A700EEF1C0 /* HTAlertControllerTests.m */; };
		BD5E044D1E6959A700EEF1C0 /* HTAlertControllerUITests.m in Sources */ = {isa = PBXBuildFile; fileRef = BD5E044C1E6959A700EEF1C0 /* HTAlertControllerUITests.m */; };
/* End PBXBuildFile section */

/* Begin PBXContainerItemProxy section */
		BD5E043E1E6959A700EEF1C0 /* PBXContainerItemProxy */ = {
			isa = PBXContainerItemProxy;
			containerPortal = BD5E041C1E6959A700EEF1C0 /* Project object */;
			proxyType = 1;
			remoteGlobalIDString = BD5E04231E6959A700EEF1C0;
			remoteInfo = HTAlertController;
		};
		BD5E04491E6959A700EEF1C0 /* PBXContainerItemProxy */ = {
			isa = PBXContainerItemProxy;
			containerPortal = BD5E041C1E6959A700EEF1C0 /* Project object */;
			proxyType = 1;
			remoteGlobalIDString = BD5E04231E6959A700EEF1C0;
			remoteInfo = HTAlertController;
		};
/* End PBXContainerItemProxy section */

/* Begin PBXFileReference section */
		BD5E04241E6959A700EEF1C0 /* HTAlertController.app */ = {isa = PBXFileReference; explicitFileType = wrapper.application; includeInIndex = 0; path = HTAlertController.app; sourceTree = BUILT_PRODUCTS_DIR; };
		BD5E04281E6959A700EEF1C0 /* main.m */ = {isa = PBXFileReference; lastKnownFileType = sourcecode.c.objc; path = main.m; sourceTree = "<group>"; };
		BD5E042A1E6959A700EEF1C0 /* AppDelegate.h */ = {isa = PBXFileReference; lastKnownFileType = sourcecode.c.h; path = AppDelegate.h; sourceTree = "<group>"; };
		BD5E042B1E6959A700EEF1C0 /* AppDelegate.m */ = {isa = PBXFileReference; lastKnownFileType = sourcecode.c.objc; path = AppDelegate.m; sourceTree = "<group>"; };
		BD5E042D1E6959A700EEF1C0 /* ViewController.h */ = {isa = PBXFileReference; lastKnownFileType = sourcecode.c.h; path = ViewController.h; sourceTree = "<group>"; };
		BD5E042E1E6959A700EEF1C0 /* ViewController.m */ = {isa = PBXFileReference; lastKnownFileType = sourcecode.c.objc; path = ViewController.m; sourceTree = "<group>"; };
		BD5E04311E6959A700EEF1C0 /* Base */ = {isa = PBXFileReference; lastKnownFileType = file.storyboard; name = Base; path = Base.lproj/Main.storyboard; sourceTree = "<group>"; };
		BD5E04331E6959A700EEF1C0 /* Assets.xcassets */ = {isa = PBXFileReference; lastKnownFileType = folder.assetcatalog; path = Assets.xcassets; sourceTree = "<group>"; };
		BD5E04361E6959A700EEF1C0 /* Base */ = {isa = PBXFileReference; lastKnownFileType = file.storyboard; name = Base; path = Base.lproj/LaunchScreen.storyboard; sourceTree = "<group>"; };
		BD5E04381E6959A700EEF1C0 /* Info.plist */ = {isa = PBXFileReference; lastKnownFileType = text.plist.xml; path = Info.plist; sourceTree = "<group>"; };
		BD5E043D1E6959A700EEF1C0 /* HTAlertControllerTests.xctest */ = {isa = PBXFileReference; explicitFileType = wrapper.cfbundle; includeInIndex = 0; path = HTAlertControllerTests.xctest; sourceTree = BUILT_PRODUCTS_DIR; };
		BD5E04411E6959A700EEF1C0 /* HTAlertControllerTests.m */ = {isa = PBXFileReference; lastKnownFileType = sourcecode.c.objc; path = HTAlertControllerTests.m; sourceTree = "<group>"; };
		BD5E04431E6959A700EEF1C0 /* Info.plist */ = {isa = PBXFileReference; lastKnownFileType = text.plist.xml; path = Info.plist; sourceTree = "<group>"; };
		BD5E04481E6959A700EEF1C0 /* HTAlertControllerUITests.xctest */ = {isa = PBXFileReference; explicitFileType = wrapper.cfbundle; includeInIndex = 0; path = HTAlertControllerUITests.xctest; sourceTree = BUILT_PRODUCTS_DIR; };
		BD5E044C1E6959A700EEF1C0 /* HTAlertControllerUITests.m */ = {isa = PBXFileReference; lastKnownFileType = sourcecode.c.objc; path = HTAlertControllerUITests.m; sourceTree = "<group>"; };
		BD5E044E1E6959A700EEF1C0 /* Info.plist */ = {isa = PBXFileReference; lastKnownFileType = text.plist.xml; path = Info.plist; sourceTree = "<group>"; };
/* End PBXFileReference section */

/* Begin PBXFrameworksBuildPhase section */
		BD5E04211E6959A700EEF1C0 /* Frameworks */ = {
			isa = PBXFrameworksBuildPhase;
			buildActionMask = 2147483647;
			files = (
			);
			runOnlyForDeploymentPostprocessing = 0;
		};
		BD5E043A1E6959A700EEF1C0 /* Frameworks */ = {
			isa = PBXFrameworksBuildPhase;
			buildActionMask = 2147483647;
			files = (
			);
			runOnlyForDeploymentPostprocessing = 0;
		};
		BD5E04451E6959A700EEF1C0 /* Frameworks */ = {
			isa = PBXFrameworksBuildPhase;
			buildActionMask = 2147483647;
			files = (
			);
			runOnlyForDeploymentPostprocessing = 0;
		};
/* End PBXFrameworksBuildPhase section */

/* Begin PBXGroup section */
		BD5E041B1E6959A700EEF1C0 = {
			isa = PBXGroup;
			children = (
				BD5E04261E6959A700EEF1C0 /* HTAlertController */,
				BD5E04401E6959A700EEF1C0 /* HTAlertControllerTests */,
				BD5E044B1E6959A700EEF1C0 /* HTAlertControllerUITests */,
				BD5E04251E6959A700EEF1C0 /* Products */,
			);
			sourceTree = "<group>";
		};
		BD5E04251E6959A700EEF1C0 /* Products */ = {
			isa = PBXGroup;
			children = (
				BD5E04241E6959A700EEF1C0 /* HTAlertController.app */,
				BD5E043D1E6959A700EEF1C0 /* HTAlertControllerTests.xctest */,
				BD5E04481E6959A700EEF1C0 /* HTAlertControllerUITests.xctest */,
			);
			name = Products;
			sourceTree = "<group>";
		};
		BD5E04261E6959A700EEF1C0 /* HTAlertController */ = {
			isa = PBXGroup;
			children = (
				BD5E042A1E6959A700EEF1C0 /* AppDelegate.h */,
				BD5E042B1E6959A700EEF1C0 /* AppDelegate.m */,
				BD5E042D1E6959A700EEF1C0 /* ViewController.h */,
				BD5E042E1E6959A700EEF1C0 /* ViewController.m */,
				BD5E04301E6959A700EEF1C0 /* Main.storyboard */,
				BD5E04331E6959A700EEF1C0 /* Assets.xcassets */,
				BD5E04351E6959A700EEF1C0 /* LaunchScreen.storyboard */,
				BD5E04381E6959A700EEF1C0 /* Info.plist */,
				BD5E04271E6959A700EEF1C0 /* Supporting Files */,
			);
			path = HTAlertController;
			sourceTree = "<group>";
		};
		BD5E04271E6959A700EEF1C0 /* Supporting Files */ = {
			isa = PBXGroup;
			children = (
				BD5E04281E6959A700EEF1C0 /* main.m */,
			);
			name = "Supporting Files";
			sourceTree = "<group>";
		};
		BD5E04401E6959A700EEF1C0 /* HTAlertControllerTests */ = {
			isa = PBXGroup;
			children = (
				BD5E04411E6959A700EEF1C0 /* HTAlertControllerTests.m */,
				BD5E04431E6959A700EEF1C0 /* Info.plist */,
			);
			path = HTAlertControllerTests;
			sourceTree = "<group>";
		};
		BD5E044B1E6959A700EEF1C0 /* HTAlertControllerUITests */ = {
			isa = PBXGroup;
			children = (
				BD5E044C1E6959A700EEF1C0 /* HTAlertControllerUITests.m */,
				BD5E044E1E6959A700EEF1C0 /* Info.plist */,
			);
			path = HTAlertControllerUITests;
			sourceTree = "<group>";
		};
/* End PBXGroup section */

/* Begin PBXNativeTarget section */
		BD5E04231E6959A700EEF1C0 /* HTAlertController */ = {
			isa = PBXNativeTarget;
			buildConfigurationList = BD5E04511E6959A700EEF1C0 /* Build configuration list for PBXNativeTarget "HTAlertController" */;
			buildPhases = (
				BD5E04201E6959A700EEF1C0 /* Sources */,
				BD5E04211E6959A700EEF1C0 /* Frameworks */,
				BD5E04221E6959A700EEF1C0 /* Resources */,
			);
			buildRules = (
			);
			dependencies = (
			);
			name = HTAlertController;
			productName = HTAlertController;
			productReference = BD5E04241E6959A700EEF1C0 /* HTAlertController.app */;
			productType = "com.apple.product-type.application";
		};
		BD5E043C1E6959A700EEF1C0 /* HTAlertControllerTests */ = {
			isa = PBXNativeTarget;
			buildConfigurationList = BD5E04541E6959A700EEF1C0 /* Build configuration list for PBXNativeTarget "HTAlertControllerTests" */;
			buildPhases = (
				BD5E04391E6959A700EEF1C0 /* Sources */,
				BD5E043A1E6959A700EEF1C0 /* Frameworks */,
				BD5E043B1E6959A700EEF1C0 /* Resources */,
			);
			buildRules = (
			);
			dependencies = (
				BD5E043F1E6959A700EEF1C0 /* PBXTargetDependency */,
			);
			name = HTAlertControllerTests;
			productName = HTAlertControllerTests;
			productReference = BD5E043D1E6959A700EEF1C0 /* HTAlertControllerTests.xctest */;
			productType = "com.apple.product-type.bundle.unit-test";
		};
		BD5E04471E6959A700EEF1C0 /* HTAlertControllerUITests */ = {
			isa = PBXNativeTarget;
			buildConfigurationList = BD5E04571E6959A700EEF1C0 /* Build configuration list for PBXNativeTarget "HTAlertControllerUITests" */;
			buildPhases = (
				BD5E04441E6959A700EEF1C0 /* Sources */,
				BD5E04451E6959A700EEF1C0 /* Frameworks */,
				BD5E04461E6959A700EEF1C0 /* Resources */,
			);
			buildRules = (
			);
			dependencies = (
				BD5E044A1E6959A700EEF1C0 /* PBXTargetDependency */,
			);
			name = HTAlertControllerUITests;
			productName = HTAlertControllerUITests;
			productReference = BD5E04481E6959A700EEF1C0 /* HTAlertControllerUITests.xctest */;
			productType = "com.apple.product-type.bundle.ui-testing";
		};
/* End PBXNativeTarget section */

/* Begin PBXProject section */
		BD5E041C1E6959A700EEF1C0 /* Project object */ = {
			isa = PBXProject;
			attributes = {
				LastUpgradeCheck = 0730;
				ORGANIZATIONNAME = "一米阳光";
				TargetAttributes = {
					BD5E04231E6959A700EEF1C0 = {
						CreatedOnToolsVersion = 7.3;
					};
					BD5E043C1E6959A700EEF1C0 = {
						CreatedOnToolsVersion = 7.3;
						TestTargetID = BD5E04231E6959A700EEF1C0;
					};
					BD5E04471E6959A700EEF1C0 = {
						CreatedOnToolsVersion = 7.3;
						TestTargetID = BD5E04231E6959A700EEF1C0;
					};
				};
			};
			buildConfigurationList = BD5E041F1E6959A700EEF1C0 /* Build configuration list for PBXProject "HTAlertController" */;
			compatibilityVersion = "Xcode 3.2";
			developmentRegion = English;
			hasScannedForEncodings = 0;
			knownRegions = (
				en,
				Base,
			);
			mainGroup = BD5E041B1E6959A700EEF1C0;
			productRefGroup = BD5E04251E6959A700EEF1C0 /* Products */;
			projectDirPath = "";
			projectRoot = "";
			targets = (
				BD5E04231E6959A700EEF1C0 /* HTAlertController */,
				BD5E043C1E6959A700EEF1C0 /* HTAlertControllerTests */,
				BD5E04471E6959A700EEF1C0 /* HTAlertControllerUITests */,
			);
		};
/* End PBXProject section */

/* Begin PBXResourcesBuildPhase section */
		BD5E04221E6959A700EEF1C0 /* Resources */ = {
			isa = PBXResourcesBuildPhase;
			buildActionMask = 2147483647;
			files = (
				BD5E04371E6959A700EEF1C0 /* LaunchScreen.storyboard in Resources */,
				BD5E04341E6959A700EEF1C0 /* Assets.xcassets in Resources */,
				BD5E04321E6959A700EEF1C0 /* Main.storyboard in Resources */,
			);
			runOnlyForDeploymentPostprocessing = 0;
		};
		BD5E043B1E6959A700EEF1C0 /* Resources */ = {
			isa = PBXResourcesBuildPhase;
			buildActionMask = 2147483647;
			files = (
			);
			runOnlyForDeploymentPostprocessing = 0;
		};
		BD5E04461E6959A700EEF1C0 /* Resources */ = {
			isa = PBXResourcesBuildPhase;
			buildActionMask = 2147483647;
			files = (
			);
			runOnlyForDeploymentPostprocessing = 0;
		};
/* End PBXResourcesBuildPhase section */

/* Begin PBXSourcesBuildPhase section */
		BD5E04201E6959A700EEF1C0 /* Sources */ = {
			isa = PBXSourcesBuildPhase;
			buildActionMask = 2147483647;
			files = (
				BD5E042F1E6959A700EEF1C0 /* ViewController.m in Sources */,
				BD5E042C1E6959A700EEF1C0 /* AppDelegate.m in Sources */,
				BD5E04291E6959A700EEF1C0 /* main.m in Sources */,
			);
			runOnlyForDeploymentPostprocessing = 0;
		};
		BD5E04391E6959A700EEF1C0 /* Sources */ = {
			isa = PBXSourcesBuildPhase;
			buildActionMask = 2147483647;
			files = (
				BD5E04421E6959A700EEF1C0 /* HTAlertControllerTests.m in Sources */,
			);
			runOnlyForDeploymentPostprocessing = 0;
		};
		BD5E04441E6959A700EEF1C0 /* Sources */ = {
			isa = PBXSourcesBuildPhase;
			buildActionMask = 2147483647;
			files = (
				BD5E044D1E6959A700EEF1C0 /* HTAlertControllerUITests.m in Sources */,
			);
			runOnlyForDeploymentPostprocessing = 0;
		};
/* End PBXSourcesBuildPhase section */

/* Begin PBXTargetDependency section */
		BD5E043F1E6959A700EEF1C0 /* PBXTargetDependency */ = {
			isa = PBXTargetDependency;
			target = BD5E04231E6959A700EEF1C0 /* HTAlertController */;
			targetProxy = BD5E043E1E6959A700EEF1C0 /* PBXContainerItemProxy */;
		};
		BD5E044A1E6959A700EEF1C0 /* PBXTargetDependency */ = {
			isa = PBXTargetDependency;
			target = BD5E04231E6959A700EEF1C0 /* HTAlertController */;
			targetProxy = BD5E04491E6959A700EEF1C0 /* PBXContainerItemProxy */;
		};
/* End PBXTargetDependency section */

/* Begin PBXVariantGroup section */
		BD5E04301E6959A700EEF1C0 /* Main.storyboard */ = {
			isa = PBXVariantGroup;
			children = (
				BD5E04311E6959A700EEF1C0 /* Base */,
			);
			name = Main.storyboard;
			sourceTree = "<group>";
		};
		BD5E04351E6959A700EEF1C0 /* LaunchScreen.storyboard */ = {
			isa = PBXVariantGroup;
			children = (
				BD5E04361E6959A700EEF1C0 /* Base */,
			);
			name = LaunchScreen.storyboard;
			sourceTree = "<group>";
		};
/* End PBXVariantGroup section */

/* Begin XCBuildConfiguration section */
		BD5E044F1E6959A700EEF1C0 /* Debug */ = {
			isa = XCBuildConfiguration;
			buildSettings = {
				ALWAYS_SEARCH_USER_PATHS = NO;
				CLANG_CXX_LANGUAGE_STANDARD = "gnu++0x";
				CLANG_CXX_LIBRARY = "libc++";
				CLANG_ENABLE_MODULES = YES;
				CLANG_ENABLE_OBJC_ARC = YES;
				CLANG_WARN_BOOL_CONVERSION = YES;
				CLANG_WARN_CONSTANT_CONVERSION = YES;
				CLANG_WARN_DIRECT_OBJC_ISA_USAGE = YES_ERROR;
				CLANG_WARN_EMPTY_BODY = YES;
				CLANG_WARN_ENUM_CONVERSION = YES;
				CLANG_WARN_INT_CONVERSION = YES;
				CLANG_WARN_OBJC_ROOT_CLASS = YES_ERROR;
				CLANG_WARN_UNREACHABLE_CODE = YES;
				CLANG_WARN__DUPLICATE_METHOD_MATCH = YES;
				"CODE_SIGN_IDENTITY[sdk=iphoneos*]" = "iPhone Developer";
				COPY_PHASE_STRIP = NO;
				DEBUG_INFORMATION_FORMAT = dwarf;
				ENABLE_STRICT_OBJC_MSGSEND = YES;
				ENABLE_TESTABILITY = YES;
				GCC_C_LANGUAGE_STANDARD = gnu99;
				GCC_DYNAMIC_NO_PIC = NO;
				GCC_NO_COMMON_BLOCKS = YES;
				GCC_OPTIMIZATION_LEVEL = 0;
				GCC_PREPROCESSOR_DEFINITIONS = (
					"DEBUG=1",
					"$(inherited)",
				);
				GCC_WARN_64_TO_32_BIT_CONVERSION = YES;
				GCC_WARN_ABOUT_RETURN_TYPE = YES_ERROR;
				GCC_WARN_UNDECLARED_SELECTOR = YES;
				GCC_WARN_UNINITIALIZED_AUTOS = YES_AGGRESSIVE;
				GCC_WARN_UNUSED_FUNCTION = YES;
				GCC_WARN_UNUSED_VARIABLE = YES;
				IPHONEOS_DEPLOYMENT_TARGET = 9.3;
				MTL_ENABLE_DEBUG_INFO = YES;
				ONLY_ACTIVE_ARCH = YES;
				SDKROOT = iphoneos;
			};
			name = Debug;
		};
		BD5E04501E6959A700EEF1C0 /* Release */ = {
			isa = XCBuildConfiguration;
			buildSettings = {
				ALWAYS_SEARCH_USER_PATHS = NO;
				CLANG_CXX_LANGUAGE_STANDARD = "gnu++0x";
				CLANG_CXX_LIBRARY = "libc++";
				CLANG_ENABLE_MODULES = YES;
				CLANG_ENABLE_OBJC_ARC = YES;
				CLANG_WARN_BOOL_CONVERSION = YES;
				CLANG_WARN_CONSTANT_CONVERSION = YES;
				CLANG_WARN_DIRECT_OBJC_ISA_USAGE = YES_ERROR;
				CLANG_WARN_EMPTY_BODY = YES;
				CLANG_WARN_ENUM_CONVERSION = YES;
				CLANG_WARN_INT_CONVERSION = YES;
				CLANG_WARN_OBJC_ROOT_CLASS = YES_ERROR;
				CLANG_WARN_UNREACHABLE_CODE = YES;
				CLANG_WARN__DUPLICATE_METHOD_MATCH = YES;
				"CODE_SIGN_IDENTITY[sdk=iphoneos*]" = "iPhone Developer";
				COPY_PHASE_STRIP = NO;
				DEBUG_INFORMATION_FORMAT = "dwarf-with-dsym";
				ENABLE_NS_ASSERTIONS = NO;
				ENABLE_STRICT_OBJC_MSGSEND = YES;
				GCC_C_LANGUAGE_STANDARD = gnu99;
				GCC_NO_COMMON_BLOCKS = YES;
				GCC_WARN_64_TO_32_BIT_CONVERSION = YES;
				GCC_WARN_ABOUT_RETURN_TYPE = YES_ERROR;
				GCC_WARN_UNDECLARED_SELECTOR = YES;
				GCC_WARN_UNINITIALIZED_AUTOS = YES_AGGRESSIVE;
				GCC_WARN_UNUSED_FUNCTION = YES;
				GCC_WARN_UNUSED_VARIABLE = YES;
				IPHONEOS_DEPLOYMENT_TARGET = 9.3;
				MTL_ENABLE_DEBUG_INFO = NO;
				SDKROOT = iphoneos;
				VALIDATE_PRODUCT = YES;
			};
			name = Release;
		};
		BD5E04521E6959A700EEF1C0 /* Debug */ = {
			isa = XCBuildConfiguration;
			buildSettings = {
				ASSETCATALOG_COMPILER_APPICON_NAME = AppIcon;
				INFOPLIST_FILE = HTAlertController/Info.plist;
				LD_RUNPATH_SEARCH_PATHS = "$(inherited) @executable_path/Frameworks";
				PRODUCT_BUNDLE_IDENTIFIER = com.htreapay.xmantest.HTAlertController;
				PRODUCT_NAME = "$(TARGET_NAME)";
			};
			name = Debug;
		};
		BD5E04531E6959A700EEF1C0 /* Release */ = {
			isa = XCBuildConfiguration;
			buildSettings = {
				ASSETCATALOG_COMPILER_APPICON_NAME = AppIcon;
				INFOPLIST_FILE = HTAlertController/Info.plist;
				LD_RUNPATH_SEARCH_PATHS = "$(inherited) @executable_path/Frameworks";
				PRODUCT_BUNDLE_IDENTIFIER = com.htreapay.xmantest.HTAlertController;
				PRODUCT_NAME = "$(TARGET_NAME)";
			};
			name = Release;
		};
		BD5E04551E6959A700EEF1C0 /* Debug */ = {
			isa = XCBuildConfiguration;
			buildSettings = {
				BUNDLE_LOADER = "$(TEST_HOST)";
				INFOPLIST_FILE = HTAlertControllerTests/Info.plist;
				LD_RUNPATH_SEARCH_PATHS = "$(inherited) @executable_path/Frameworks @loader_path/Frameworks";
				PRODUCT_BUNDLE_IDENTIFIER = com.htreapay.xmantest.HTAlertControllerTests;
				PRODUCT_NAME = "$(TARGET_NAME)";
				TEST_HOST = "$(BUILT_PRODUCTS_DIR)/HTAlertController.app/HTAlertController";
			};
			name = Debug;
		};
		BD5E04561E6959A700EEF1C0 /* Release */ = {
			isa = XCBuildConfiguration;
			buildSettings = {
				BUNDLE_LOADER = "$(TEST_HOST)";
				INFOPLIST_FILE = HTAlertControllerTests/Info.plist;
				LD_RUNPATH_SEARCH_PATHS = "$(inherited) @executable_path/Frameworks @loader_path/Frameworks";
				PRODUCT_BUNDLE_IDENTIFIER = com.htreapay.xmantest.HTAlertControllerTests;
				PRODUCT_NAME = "$(TARGET_NAME)";
				TEST_HOST = "$(BUILT_PRODUCTS_DIR)/HTAlertController.app/HTAlertController";
			};
			name = Release;
		};
		BD5E04581E6959A700EEF1C0 /* Debug */ = {
			isa = XCBuildConfiguration;
			buildSettings = {
				INFOPLIST_FILE = HTAlertControllerUITests/Info.plist;
				LD_RUNPATH_SEARCH_PATHS = "$(inherited) @executable_path/Frameworks @loader_path/Frameworks";
				PRODUCT_BUNDLE_IDENTIFIER = com.htreapay.xmantest.HTAlertControllerUITests;
				PRODUCT_NAME = "$(TARGET_NAME)";
				TEST_TARGET_NAME = HTAlertController;
			};
			name = Debug;
		};
		BD5E04591E6959A700EEF1C0 /* Release */ = {
			isa = XCBuildConfiguration;
			buildSettings = {
				INFOPLIST_FILE = HTAlertControllerUITests/Info.plist;
				LD_RUNPATH_SEARCH_PATHS = "$(inherited) @executable_path/Frameworks @loader_path/Frameworks";
				PRODUCT_BUNDLE_IDENTIFIER = com.htreapay.xmantest.HTAlertControllerUITests;
				PRODUCT_NAME = "$(TARGET_NAME)";
				TEST_TARGET_NAME = HTAlertController;
			};
			name = Release;
		};
/* End XCBuildConfiguration section */

/* Begin XCConfigurationList section */
		BD5E041F1E6959A700EEF1C0 /* Build configuration list for PBXProject "HTAlertController" */ = {
			isa = XCConfigurationList;
			buildConfigurations = (
				BD5E044F1E6959A700EEF1C0 /* Debug */,
				BD5E04501E6959A700EEF1C0 /* Release */,
			);
			defaultConfigurationIsVisible = 0;
			defaultConfigurationName = Release;
		};
		BD5E04511E6959A700EEF1C0 /* Build configuration list for PBXNativeTarget "HTAlertController" */ = {
			isa = XCConfigurationList;
			buildConfigurations = (
				BD5E04521E6959A700EEF1C0 /* Debug */,
				BD5E04531E6959A700EEF1C0 /* Release */,
			);
			defaultConfigurationIsVisible = 0;
		};
		BD5E04541E6959A700EEF1C0 /* Build configuration list for PBXNativeTarget "HTAlertControllerTests" */ = {
			isa = XCConfigurationList;
			buildConfigurations = (
				BD5E04551E6959A700EEF1C0 /* Debug */,
				BD5E04561E6959A700EEF1C0 /* Release */,
			);
			defaultConfigurationIsVisible = 0;
		};
		BD5E04571E6959A700EEF1C0 /* Build configuration list for PBXNativeTarget "HTAlertControllerUITests" */ = {
			isa = XCConfigurationList;
			buildConfigurations = (
				BD5E04581E6959A700EEF1C0 /* Debug */,
				BD5E04591E6959A700EEF1C0 /* Release */,
			);
			defaultConfigurationIsVisible = 0;
		};
/* End XCConfigurationList section */
	};
	rootObject = BD5E041C1E6959A700EEF1C0 /* Project object */;
}
